
Microsoft Visual Studio Solution File, Format Version 12.00
# Visual Studio Version 17
VisualStudioVersion = 17.7.34031.279
MinimumVisualStudioVersion = 10.0.40219.1
Project("{FAE04EC0-301F-11D3-BF4B-00C04F79EFBC}") = "ComportMCInterface", "ComportMCInterface\ComportMCInterface.csproj", "{F6D57031-DD06-497E-BBA6-AF2DDCFE6099}"
EndProject
Global
	GlobalSection(SolutionConfigurationPlatforms) = preSolution
		Debug|Any CPU = Debug|Any CPU
		Release|Any CPU = Release|Any CPU
	EndGlobalSection
	GlobalSection(ProjectConfigurationPlatforms) = postSolution
		{F6D57031-DD06-497E-BBA6-AF2DDCFE6099}.Debug|Any CPU.ActiveCfg = Debug|Any CPU
		{F6D57031-DD06-497E-BBA6-AF2DDCFE6099}.Debug|Any CPU.Build.0 = Debug|Any CPU
		{F6D57031-DD06-497E-BBA6-AF2DDCFE6099}.Release|Any CPU.ActiveCfg = Release|Any CPU
		{F6D57031-DD06-497E-BBA6-AF2DDCFE6099}.Release|Any CPU.Build.0 = Release|Any CPU
	EndGlobalSection
	GlobalSection(SolutionProperties) = preSolution
		HideSolutionNode = FALSE
	EndGlobalSection
	GlobalSection(ExtensibilityGlobals) = postSolution
		SolutionGuid = {091473A8-A612-4F1D-96DC-65066F245F8E}
	EndGlobalSection
EndGlobal
